
Microsoft Visual Studio Solution File, Format Version 12.00
Project("{FAE04EC0-301F-11D3-BF4B-00C04F79EFBC}") = "PulseNet", "PulseNet.csproj", "{4A5048DE-41A2-4DF1-A3DC-B97F518D980F}"
EndProject
Global
	GlobalSection(SolutionConfigurationPlatforms) = preSolution
		Debug|Any CPU = Debug|Any CPU
		Release|Any CPU = Release|Any CPU
	EndGlobalSection
	GlobalSection(ProjectConfigurationPlatforms) = postSolution
		{4A5048DE-41A2-4DF1-A3DC-B97F518D980F}.Debug|Any CPU.ActiveCfg = Debug|Any CPU
		{4A5048DE-41A2-4DF1-A3DC-B97F518D980F}.Debug|Any CPU.Build.0 = Debug|Any CPU
		{4A5048DE-41A2-4DF1-A3DC-B97F518D980F}.Release|Any CPU.ActiveCfg = Release|Any CPU
		{4A5048DE-41A2-4DF1-A3DC-B97F518D980F}.Release|Any CPU.Build.0 = Release|Any CPU
	EndGlobalSection
EndGlobal
